dependencies:
- name: postgresql
  repository: https://charts.bitnami.com/bitnami
  version: 12.1.2
- name: rabbitmq
  repository: https://charts.bitnami.com/bitnami
  version: 11.3.0
digest: sha256:f2bd6ea2175feeb6e862f6a0b6b92dcec3dfd537cd1c02021e53fda191744578
generated: "2022-12-29T00:40:53.385824+02:00"
